// !$*UTF8*$!
{
	archiveVersion = 1;
	classes = {
	};
	objectVersion = 50;
	objects = {

/* Begin PBXAggregateTarget section */
		EEE2945E20F94A8A0064C378 /* Build Flutter Bundle */ = {
			isa = PBXAggregateTarget;
			buildConfigurationList = EEE2945F20F94A8A0064C378 /* Build configuration list for PBXAggregateTarget "Build Flutter Bundle" */;
			buildPhases = (
				EEE2946220F94A8E0064C378 /* ShellScript */,
			);
			dependencies = (
			);
			name = "Build Flutter Bundle";
			productName = "Build Flutter";
		};
/* End PBXAggregateTarget section */

/* Begin PBXBuildFile section */
		EEE2942820F944130064C378 /* AppDelegate.swift in Sources */ = {isa = PBXBuildFile; fileRef = EEE2942720F944130064C378 /* AppDelegate.swift */; };
		EEE2942C20F944140064C378 /* Assets.xcassets in Resources */ = {isa = PBXBuildFile; fileRef = EEE2942B20F944140064C378 /* Assets.xcassets */; };
		EEE2945B20F946AF0064C378 /* MainWindow.swift in Sources */ = {isa = PBXBuildFile; fileRef = EEE2945A20F946AF0064C378 /* MainWindow.swift */; };
		EEE294A720F959C90064C378 /* FlutterEmbedderMac.framework in Frameworks */ = {isa = PBXBuildFile; fileRef = EEE294A320F9599A0064C378 /* FlutterEmbedderMac.framework */; };
		EEE294A820F959C90064C378 /* FlutterEmbedderMac.framework in Embed Frameworks */ = {isa = PBXBuildFile; fileRef = EEE294A320F9599A0064C378 /* FlutterEmbedderMac.framework */; settings = {ATTRIBUTES = (CodeSignOnCopy, RemoveHeadersOnCopy, ); }; };
		EEE294D020F977EC0064C378 /* MainMenu.xib in Resources */ = {isa = PBXBuildFile; fileRef = EEE294CE20F977EB0064C378 /* MainMenu.xib */; };
		EEE294D320F9791E0064C378 /* flutter_assets in Resources */ = {isa = PBXBuildFile; fileRef = EEE294D220F9791E0064C378 /* flutter_assets */; };
/* End PBXBuildFile section */

/* Begin PBXContainerItemProxy section */
		EEE2946320F94AAC0064C378 /* PBXContainerItemProxy */ = {
			isa = PBXContainerItemProxy;
			containerPortal = EEE2941C20F944130064C378 /* Project object */;
			proxyType = 1;
			remoteGlobalIDString = EEE2945E20F94A8A0064C378;
			remoteInfo = "Build Flutter";
		};
/* End PBXContainerItemProxy section */

/* Begin PBXCopyFilesBuildPhase section */
		EEE294A920F959C90064C378 /* Embed Frameworks */ = {
			isa = PBXCopyFilesBuildPhase;
			buildActionMask = 2147483647;
			dstPath = "";
			dstSubfolderSpec = 10;
			files = (
				EEE294A820F959C90064C378 /* FlutterEmbedderMac.framework in Embed Frameworks */,
			);
			name = "Embed Frameworks";
			runOnlyForDeploymentPostprocessing = 0;
		};
/* End PBXCopyFilesBuildPhase section */

/* Begin PBXFileReference section */
		EEE2942420F944130064C378 /* MacRunner.app */ = {isa = PBXFileReference; explicitFileType = wrapper.application; includeInIndex = 0; path = MacRunner.app; sourceTree = BUILT_PRODUCTS_DIR; };
		EEE2942720F944130064C378 /* AppDelegate.swift */ = {isa = PBXFileReference; lastKnownFileType = sourcecode.swift; path = AppDelegate.swift; sourceTree = "<group>"; };
		EEE2942B20F944140064C378 /* Assets.xcassets */ = {isa = PBXFileReference; lastKnownFileType = folder.assetcatalog; path = Assets.xcassets; sourceTree = "<group>"; };
		EEE2943020F944140064C378 /* Info.plist */ = {isa = PBXFileReference; lastKnownFileType = text.plist.xml; path = Info.plist; sourceTree = "<group>"; };
		EEE2943120F944140064C378 /* MacRunner.entitlements */ = {isa = PBXFileReference; lastKnownFileType = text.plist.entitlements; path = MacRunner.entitlements; sourceTree = "<group>"; };
		EEE2945A20F946AF0064C378 /* MainWindow.swift */ = {isa = PBXFileReference; fileEncoding = 4; lastKnownFileType = sourcecode.swift; path = MainWindow.swift; sourceTree = "<group>"; };
		EEE2945D20F948840064C378 /* build.sh */ = {isa = PBXFileReference; lastKnownFileType = text.script.sh; path = build.sh; sourceTree = SOURCE_ROOT; };
		EEE2946920F94C2E0064C378 /* MacRunner-Bridging-Header.h */ = {isa = PBXFileReference; lastKnownFileType = sourcecode.c.h; path = "MacRunner-Bridging-Header.h"; sourceTree = "<group>"; };
		EEE294A320F9599A0064C378 /* FlutterEmbedderMac.framework */ = {isa = PBXFileReference; lastKnownFileType = wrapper.framework; name = FlutterEmbedderMac.framework; path = Frameworks/FlutterEmbedderMac.framework; sourceTree = SOURCE_ROOT; };
		EEE294CF20F977EB0064C378 /* Base */ = {isa = PBXFileReference; lastKnownFileType = file.xib; name = Base; path = Base.lproj/MainMenu.xib; sourceTree = "<group>"; };
		EEE294D220F9791E0064C378 /* flutter_assets */ = {isa = PBXFileReference; lastKnownFileType = folder; name = flutter_assets; path = ../../build/flutter_assets; sourceTree = "<group>"; };
/* End PBXFileReference section */

/* Begin PBXFrameworksBuildPhase section */
		EEE2942120F944130064C378 /* Frameworks */ = {
			isa = PBXFrameworksBuildPhase;
			buildActionMask = 2147483647;
			files = (
				EEE294A720F959C90064C378 /* FlutterEmbedderMac.framework in Frameworks */,
			);
			runOnlyForDeploymentPostprocessing = 0;
		};
/* End PBXFrameworksBuildPhase section */

/* Begin PBXGroup section */
		EEE2941B20F944130064C378 = {
			isa = PBXGroup;
			children = (
				EEE294A220F959860064C378 /* Frameworks */,
				EEE2942620F944130064C378 /* MacRunner */,
				EEE2942520F944130064C378 /* Products */,
			);
			sourceTree = "<group>";
		};
		EEE2942520F944130064C378 /* Products */ = {
			isa = PBXGroup;
			children = (
				EEE2942420F944130064C378 /* MacRunner.app */,
			);
			name = Products;
			sourceTree = "<group>";
		};
		EEE2942620F944130064C378 /* MacRunner */ = {
			isa = PBXGroup;
			children = (
				EEE2942720F944130064C378 /* AppDelegate.swift */,
				EEE294CE20F977EB0064C378 /* MainMenu.xib */,
				EEE2945A20F946AF0064C378 /* MainWindow.swift */,
				EEE2946920F94C2E0064C378 /* MacRunner-Bridging-Header.h */,
				EEE2942B20F944140064C378 /* Assets.xcassets */,
				EEE294D220F9791E0064C378 /* flutter_assets */,
				EEE2943020F944140064C378 /* Info.plist */,
				EEE2943120F944140064C378 /* MacRunner.entitlements */,
				EEE2945D20F948840064C378 /* build.sh */,
			);
			path = MacRunner;
			sourceTree = "<group>";
		};
		EEE294A220F959860064C378 /* Frameworks */ = {
			isa = PBXGroup;
			children = (
				EEE294A320F9599A0064C378 /* FlutterEmbedderMac.framework */,
			);
			path = Frameworks;
			sourceTree = "<group>";
		};
/* End PBXGroup section */

/* Begin PBXNativeTarget section */
		EEE2942320F944130064C378 /* MacRunner */ = {
			isa = PBXNativeTarget;
			buildConfigurationList = EEE2943420F944140064C378 /* Build configuration list for PBXNativeTarget "MacRunner" */;
			buildPhases = (
				EEE2942020F944130064C378 /* Sources */,
				EEE2942120F944130064C378 /* Frameworks */,
				EEE2942220F944130064C378 /* Resources */,
				EEE294A920F959C90064C378 /* Embed Frameworks */,
			);
			buildRules = (
			);
			dependencies = (
				EEE2946420F94AAC0064C378 /* PBXTargetDependency */,
			);
			name = MacRunner;
			productName = MacRunner;
			productReference = EEE2942420F944130064C378 /* MacRunner.app */;
			productType = "com.apple.product-type.application";
		};
/* End PBXNativeTarget section */

/* Begin PBXProject section */
		EEE2941C20F944130064C378 /* Project object */ = {
			isa = PBXProject;
			attributes = {
				LastSwiftUpdateCheck = 0940;
				LastUpgradeCheck = 0940;
				ORGANIZATIONNAME = "Ink & Switch";
				TargetAttributes = {
					EEE2942320F944130064C378 = {
						CreatedOnToolsVersion = 9.4.1;
					};
					EEE2945E20F94A8A0064C378 = {
						CreatedOnToolsVersion = 9.4.1;
					};
				};
			};
			buildConfigurationList = EEE2941F20F944130064C378 /* Build configuration list for PBXProject "MacRunner" */;
			compatibilityVersion = "Xcode 9.3";
			developmentRegion = en;
			hasScannedForEncodings = 0;
			knownRegions = (
				en,
				Base,
			);
			mainGroup = EEE2941B20F944130064C378;
			productRefGroup = EEE2942520F944130064C378 /* Products */;
			projectDirPath = "";
			projectRoot = "";
			targets = (
				EEE2942320F944130064C378 /* MacRunner */,
				EEE2945E20F94A8A0064C378 /* Build Flutter Bundle */,
			);
		};
/* End PBXProject section */

/* Begin PBXResourcesBuildPhase section */
		EEE2942220F944130064C378 /* Resources */ = {
			isa = PBXResourcesBuildPhase;
			buildActionMask = 2147483647;
			files = (
				EEE294D320F9791E0064C378 /* flutter_assets in Resources */,
				EEE2942C20F944140064C378 /* Assets.xcassets in Resources */,
				EEE294D020F977EC0064C378 /* MainMenu.xib in Resources */,
			);
			runOnlyForDeploymentPostprocessing = 0;
		};
/* End PBXResourcesBuildPhase section */

/* Begin PBXShellScriptBuildPhase section */
		EEE2946220F94A8E0064C378 /* ShellScript */ = {
			isa = PBXShellScriptBuildPhase;
			buildActionMask = 2147483647;
			files = (
			);
			inputPaths = (
			);
			outputPaths = (
			);
			runOnlyForDeploymentPostprocessing = 0;
			shellPath = /usr/local/bin/zsh;
			shellScript = "cd ..\nflutter build bundle";
		};
/* End PBXShellScriptBuildPhase section */

/* Begin PBXSourcesBuildPhase section */
		EEE2942020F944130064C378 /* Sources */ = {
			isa = PBXSourcesBuildPhase;
			buildActionMask = 2147483647;
			files = (
				EEE2945B20F946AF0064C378 /* MainWindow.swift in Sources */,
				EEE2942820F944130064C378 /* AppDelegate.swift in Sources */,
			);
			runOnlyForDeploymentPostprocessing = 0;
		};
/* End PBXSourcesBuildPhase section */

/* Begin PBXTargetDependency section */
		EEE2946420F94AAC0064C378 /* PBXTargetDependency */ = {
			isa = PBXTargetDependency;
			target = EEE2945E20F94A8A0064C378 /* Build Flutter Bundle */;
			targetProxy = EEE2946320F94AAC0064C378 /* PBXContainerItemProxy */;
		};
/* End PBXTargetDependency section */

/* Begin PBXVariantGroup section */
		EEE294CE20F977EB0064C378 /* MainMenu.xib */ = {
			isa = PBXVariantGroup;
			children = (
				EEE294CF20F977EB0064C378 /* Base */,
			);
			name = MainMenu.xib;
			sourceTree = "<group>";
		};
/* End PBXVariantGroup section */

/* Begin XCBuildConfiguration section */
		EEE2943220F944140064C378 /* Debug */ = {
			isa = XCBuildConfiguration;
			buildSettings = {
				ALWAYS_SEARCH_USER_PATHS = NO;
				CLANG_ANALYZER_NONNULL = YES;
				CLANG_ANALYZER_NUMBER_OBJECT_CONVERSION = YES_AGGRESSIVE;
				CLANG_CXX_LANGUAGE_STANDARD = "gnu++14";
				CLANG_CXX_LIBRARY = "libc++";
				CLANG_ENABLE_MODULES = YES;
				CLANG_ENABLE_OBJC_ARC = YES;
				CLANG_ENABLE_OBJC_WEAK = YES;
				CLANG_WARN_BLOCK_CAPTURE_AUTORELEASING = YES;
				CLANG_WARN_BOOL_CONVERSION = YES;
				CLANG_WARN_COMMA = YES;
				CLANG_WARN_CONSTANT_CONVERSION = YES;
				CLANG_WARN_DEPRECATED_OBJC_IMPLEMENTATIONS = YES;
				CLANG_WARN_DIRECT_OBJC_ISA_USAGE = YES_ERROR;
				CLANG_WARN_DOCUMENTATION_COMMENTS = YES;
				CLANG_WARN_EMPTY_BODY = YES;
				CLANG_WARN_ENUM_CONVERSION = YES;
				CLANG_WARN_INFINITE_RECURSION = YES;
				CLANG_WARN_INT_CONVERSION = YES;
				CLANG_WARN_NON_LITERAL_NULL_CONVERSION = YES;
				CLANG_WARN_OBJC_IMPLICIT_RETAIN_SELF = YES;
				CLANG_WARN_OBJC_LITERAL_CONVERSION = YES;
				CLANG_WARN_OBJC_ROOT_CLASS = YES_ERROR;
				CLANG_WARN_RANGE_LOOP_ANALYSIS = YES;
				CLANG_WARN_STRICT_PROTOTYPES = YES;
				CLANG_WARN_SUSPICIOUS_MOVE = YES;
				CLANG_WARN_UNGUARDED_AVAILABILITY = YES_AGGRESSIVE;
				CLANG_WARN_UNREACHABLE_CODE = YES;
				CLANG_WARN__DUPLICATE_METHOD_MATCH = YES;
				CODE_SIGN_IDENTITY = "Mac Developer";
				COPY_PHASE_STRIP = NO;
				DEBUG_INFORMATION_FORMAT = dwarf;
				ENABLE_STRICT_OBJC_MSGSEND = YES;
				ENABLE_TESTABILITY = YES;
				GCC_C_LANGUAGE_STANDARD = gnu11;
				GCC_DYNAMIC_NO_PIC = NO;
				GCC_NO_COMMON_BLOCKS = YES;
				GCC_OPTIMIZATION_LEVEL = 0;
				GCC_PREPROCESSOR_DEFINITIONS = (
					"DEBUG=1",
					"$(inherited)",
				);
				GCC_WARN_64_TO_32_BIT_CONVERSION = YES;
				GCC_WARN_ABOUT_RETURN_TYPE = YES_ERROR;
				GCC_WARN_UNDECLARED_SELECTOR = YES;
				GCC_WARN_UNINITIALIZED_AUTOS = YES_AGGRESSIVE;
				GCC_WARN_UNUSED_FUNCTION = YES;
				GCC_WARN_UNUSED_VARIABLE = YES;
				MACOSX_DEPLOYMENT_TARGET = 10.13;
				MTL_ENABLE_DEBUG_INFO = YES;
				ONLY_ACTIVE_ARCH = YES;
				SDKROOT = macosx;
				SWIFT_ACTIVE_COMPILATION_CONDITIONS = DEBUG;
				SWIFT_OPTIMIZATION_LEVEL = "-Onone";
			};
			name = Debug;
		};
		EEE2943320F944140064C378 /* Release */ = {
			isa = XCBuildConfiguration;
			buildSettings = {
				ALWAYS_SEARCH_USER_PATHS = NO;
				CLANG_ANALYZER_NONNULL = YES;
				CLANG_ANALYZER_NUMBER_OBJECT_CONVERSION = YES_AGGRESSIVE;
				CLANG_CXX_LANGUAGE_STANDARD = "gnu++14";
				CLANG_CXX_LIBRARY = "libc++";
				CLANG_ENABLE_MODULES = YES;
				CLANG_ENABLE_OBJC_ARC = YES;
				CLANG_ENABLE_OBJC_WEAK = YES;
				CLANG_WARN_BLOCK_CAPTURE_AUTORELEASING = YES;
				CLANG_WARN_BOOL_CONVERSION = YES;
				CLANG_WARN_COMMA = YES;
				CLANG_WARN_CONSTANT_CONVERSION = YES;
				CLANG_WARN_DEPRECATED_OBJC_IMPLEMENTATIONS = YES;
				CLANG_WARN_DIRECT_OBJC_ISA_USAGE = YES_ERROR;
				CLANG_WARN_DOCUMENTATION_COMMENTS = YES;
				CLANG_WARN_EMPTY_BODY = YES;
				CLANG_WARN_ENUM_CONVERSION = YES;
				CLANG_WARN_INFINITE_RECURSION = YES;
				CLANG_WARN_INT_CONVERSION = YES;
				CLANG_WARN_NON_LITERAL_NULL_CONVERSION = YES;
				CLANG_WARN_OBJC_IMPLICIT_RETAIN_SELF = YES;
				CLANG_WARN_OBJC_LITERAL_CONVERSION = YES;
				CLANG_WARN_OBJC_ROOT_CLASS = YES_ERROR;
				CLANG_WARN_RANGE_LOOP_ANALYSIS = YES;
				CLANG_WARN_STRICT_PROTOTYPES = YES;
				CLANG_WARN_SUSPICIOUS_MOVE = YES;
				CLANG_WARN_UNGUARDED_AVAILABILITY = YES_AGGRESSIVE;
				CLANG_WARN_UNREACHABLE_CODE = YES;
				CLANG_WARN__DUPLICATE_METHOD_MATCH = YES;
				CODE_SIGN_IDENTITY = "Mac Developer";
				COPY_PHASE_STRIP = NO;
				DEBUG_INFORMATION_FORMAT = "dwarf-with-dsym";
				ENABLE_NS_ASSERTIONS = NO;
				ENABLE_STRICT_OBJC_MSGSEND = YES;
				GCC_C_LANGUAGE_STANDARD = gnu11;
				GCC_NO_COMMON_BLOCKS = YES;
				GCC_WARN_64_TO_32_BIT_CONVERSION = YES;
				GCC_WARN_ABOUT_RETURN_TYPE = YES_ERROR;
				GCC_WARN_UNDECLARED_SELECTOR = YES;
				GCC_WARN_UNINITIALIZED_AUTOS = YES_AGGRESSIVE;
				GCC_WARN_UNUSED_FUNCTION = YES;
				GCC_WARN_UNUSED_VARIABLE = YES;
				MACOSX_DEPLOYMENT_TARGET = 10.13;
				MTL_ENABLE_DEBUG_INFO = NO;
				SDKROOT = macosx;
				SWIFT_COMPILATION_MODE = wholemodule;
				SWIFT_OPTIMIZATION_LEVEL = "-O";
			};
			name = Release;
		};
		EEE2943520F944140064C378 /* Debug */ = {
			isa = XCBuildConfiguration;
			buildSettings = {
				ASSETCATALOG_COMPILER_APPICON_NAME = AppIcon;
				CODE_SIGN_ENTITLEMENTS = MacRunner/MacRunner.entitlements;
				CODE_SIGN_STYLE = Automatic;
				COMBINE_HIDPI_IMAGES = YES;
				DEVELOPMENT_TEAM = C6W2GQLJYP;
				FRAMEWORK_SEARCH_PATHS = (
					"$(inherited)",
					"$(PROJECT_DIR)",
					"$(PROJECT_DIR)/MacRunner",
					"$(PROJECT_DIR)/Frameworks",
					"$(PROJECT_DIR)/Frameworks2",
				);
				INFOPLIST_FILE = MacRunner/Info.plist;
				LD_RUNPATH_SEARCH_PATHS = (
					"$(inherited)",
					"@executable_path/../Frameworks",
				);
				PRODUCT_BUNDLE_IDENTIFIER = com.inkandswitch.MacRunner;
				PRODUCT_NAME = "$(TARGET_NAME)";
				SWIFT_VERSION = 4.0;
			};
			name = Debug;
		};
		EEE2943620F944140064C378 /* Release */ = {
			isa = XCBuildConfiguration;
			buildSettings = {
				ASSETCATALOG_COMPILER_APPICON_NAME = AppIcon;
				CODE_SIGN_ENTITLEMENTS = MacRunner/MacRunner.entitlements;
				CODE_SIGN_STYLE = Automatic;
				COMBINE_HIDPI_IMAGES = YES;
				DEVELOPMENT_TEAM = C6W2GQLJYP;
				FRAMEWORK_SEARCH_PATHS = (
					"$(inherited)",
					"$(PROJECT_DIR)",
					"$(PROJECT_DIR)/MacRunner",
					"$(PROJECT_DIR)/Frameworks",
					"$(PROJECT_DIR)/Frameworks2",
				);
				INFOPLIST_FILE = MacRunner/Info.plist;
				LD_RUNPATH_SEARCH_PATHS = (
					"$(inherited)",
					"@executable_path/../Frameworks",
				);
				PRODUCT_BUNDLE_IDENTIFIER = com.inkandswitch.MacRunner;
				PRODUCT_NAME = "$(TARGET_NAME)";
				SWIFT_VERSION = 4.0;
			};
			name = Release;
		};
		EEE2946020F94A8A0064C378 /* Debug */ = {
			isa = XCBuildConfiguration;
			buildSettings = {
				CODE_SIGN_STYLE = Automatic;
				DEVELOPMENT_TEAM = C6W2GQLJYP;
				PRODUCT_NAME = "$(TARGET_NAME)";
			};
			name = Debug;
		};
		EEE2946120F94A8A0064C378 /* Release */ = {
			isa = XCBuildConfiguration;
			buildSettings = {
				CODE_SIGN_STYLE = Automatic;
				DEVELOPMENT_TEAM = C6W2GQLJYP;
				PRODUCT_NAME = "$(TARGET_NAME)";
			};
			name = Release;
		};
/* End XCBuildConfiguration section */

/* Begin XCConfigurationList section */
		EEE2941F20F944130064C378 /* Build configuration list for PBXProject "MacRunner" */ = {
			isa = XCConfigurationList;
			buildConfigurations = (
				EEE2943220F944140064C378 /* Debug */,
				EEE2943320F944140064C378 /* Release */,
			);
			defaultConfigurationIsVisible = 0;
			defaultConfigurationName = Release;
		};
		EEE2943420F944140064C378 /* Build configuration list for PBXNativeTarget "MacRunner" */ = {
			isa = XCConfigurationList;
			buildConfigurations = (
				EEE2943520F944140064C378 /* Debug */,
				EEE2943620F944140064C378 /* Release */,
			);
			defaultConfigurationIsVisible = 0;
			defaultConfigurationName = Release;
		};
		EEE2945F20F94A8A0064C378 /* Build configuration list for PBXAggregateTarget "Build Flutter Bundle" */ = {
			isa = XCConfigurationList;
			buildConfigurations = (
				EEE2946020F94A8A0064C378 /* Debug */,
				EEE2946120F94A8A0064C378 /* Release */,
			);
			defaultConfigurationIsVisible = 0;
			defaultConfigurationName = Release;
		};
/* End XCConfigurationList section */
	};
	rootObject = EEE2941C20F944130064C378 /* Project object */;
}
